
Microsoft Visual Studio Solution File, Format Version 12.00
# Visual Studio Version 16
VisualStudioVersion = 16.0.30114.105
MinimumVisualStudioVersion = 10.0.40219.1
Project("{FAE04EC0-301F-11D3-BF4B-00C04F79EFBC}") = "TempestHoldem_GA", "TempestHoldem_GA\TempestHoldem_GA.csproj", "{59D548F3-A472-4D6F-92E3-52854DFB2501}"
EndProject
Global
	GlobalSection(SolutionConfigurationPlatforms) = preSolution
		Debug|Any CPU = Debug|Any CPU
		Release|Any CPU = Release|Any CPU
	EndGlobalSection
	GlobalSection(ProjectConfigurationPlatforms) = postSolution
		{59D548F3-A472-4D6F-92E3-52854DFB2501}.Debug|Any CPU.ActiveCfg = Debug|Any CPU
		{59D548F3-A472-4D6F-92E3-52854DFB2501}.Debug|Any CPU.Build.0 = Debug|Any CPU
		{59D548F3-A472-4D6F-92E3-52854DFB2501}.Release|Any CPU.ActiveCfg = Release|Any CPU
		{59D548F3-A472-4D6F-92E3-52854DFB2501}.Release|Any CPU.Build.0 = Release|Any CPU
	EndGlobalSection
	GlobalSection(SolutionProperties) = preSolution
		HideSolutionNode = FALSE
	EndGlobalSection
	GlobalSection(ExtensibilityGlobals) = postSolution
		SolutionGuid = {D09C4845-FF43-42FF-B819-2060692E9CF0}
	EndGlobalSection
EndGlobal
